# This file is automatically @generated by Cargo.
# It is not intended for manual editing.
version = 4

[[package]]
name = "cli"
version = "0.1.0"
dependencies = [
 "library",
]

[[package]]
name = "fnv"
version = "1.0.7"
source = "registry+https://github.com/rust-lang/crates.io-index"
checksum = "3f9eec918d3f24069decb9af1554cad7c880e2da24a9afd88aca000531ab82c1"

[[package]]
name = "library"
version = "0.1.0"
dependencies = [
 "fnv",
 "ringbuffer",
]

[[package]]
name = "ringbuffer"
version = "0.16.0"
source = "registry+https://github.com/rust-lang/crates.io-index"
checksum = "57b0b88a509053cbfd535726dcaaceee631313cef981266119527a1d110f6d2b"
