// !$*UTF8*$!
{
	archiveVersion = 1;
	classes = {
	};
	objectVersion = 77;
	objects = {

/* Begin PBXBuildFile section */
		517B1DED2DB6D2FD001A68FC /* AppDelegate.swift in Sources */ = {isa = PBXBuildFile; fileRef = 517B1DEC2DB6D2FD001A68FC /* AppDelegate.swift */; };
		517B1DEF2DB6D2FD001A68FC /* SceneDelegate.swift in Sources */ = {isa = PBXBuildFile; fileRef = 517B1DEE2DB6D2FD001A68FC /* SceneDelegate.swift */; };
		517B1DF22DB6D2FD001A68FC /* LaunchScreen.storyboard in Resources */ = {isa = PBXBuildFile; fileRef = 517B1DF02DB6D2FD001A68FC /* LaunchScreen.storyboard */; };
		517B1DF52DB6D2FD001A68FC /* Main.storyboard in Resources */ = {isa = PBXBuildFile; fileRef = 517B1DF32DB6D2FD001A68FC /* Main.storyboard */; };
		517B1DFE2DB6D2FD001A68FC /* AppDelegate.swift in Sources */ = {isa = PBXBuildFile; fileRef = 517B1DFD2DB6D2FD001A68FC /* AppDelegate.swift */; };
		517B1E012DB6D2FD001A68FC /* Main.storyboard in Resources */ = {isa = PBXBuildFile; fileRef = 517B1DFF2DB6D2FD001A68FC /* Main.storyboard */; };
		517B1E092DB6D2FD001A68FC /* AI Translation Tool Extension.appex in Embed Foundation Extensions */ = {isa = PBXBuildFile; fileRef = 517B1E082DB6D2FD001A68FC /* AI Translation Tool Extension.appex */; settings = {ATTRIBUTES = (RemoveHeadersOnCopy, ); }; };
		517B1E132DB6D2FD001A68FC /* AI Translation Tool Extension.appex in Embed Foundation Extensions */ = {isa = PBXBuildFile; fileRef = 517B1E122DB6D2FD001A68FC /* AI Translation Tool Extension.appex */; settings = {ATTRIBUTES = (RemoveHeadersOnCopy, ); }; };
		517B1E192DB6D2FD001A68FC /* Main.html in Resources */ = {isa = PBXBuildFile; fileRef = 517B1DDC2DB6D2FC001A68FC /* Main.html */; };
		517B1E1A2DB6D2FD001A68FC /* Main.html in Resources */ = {isa = PBXBuildFile; fileRef = 517B1DDC2DB6D2FC001A68FC /* Main.html */; };
		517B1E1B2DB6D2FD001A68FC /* Icon.png in Resources */ = {isa = PBXBuildFile; fileRef = 517B1DDE2DB6D2FC001A68FC /* Icon.png */; };
		517B1E1C2DB6D2FD001A68FC /* Icon.png in Resources */ = {isa = PBXBuildFile; fileRef = 517B1DDE2DB6D2FC001A68FC /* Icon.png */; };
		517B1E1D2DB6D2FD001A68FC /* Style.css in Resources */ = {isa = PBXBuildFile; fileRef = 517B1DDF2DB6D2FC001A68FC /* Style.css */; };
		517B1E1E2DB6D2FD001A68FC /* Style.css in Resources */ = {isa = PBXBuildFile; fileRef = 517B1DDF2DB6D2FC001A68FC /* Style.css */; };
		517B1E1F2DB6D2FD001A68FC /* Script.js in Resources */ = {isa = PBXBuildFile; fileRef = 517B1DE02DB6D2FC001A68FC /* Script.js */; };
		517B1E202DB6D2FD001A68FC /* Script.js in Resources */ = {isa = PBXBuildFile; fileRef = 517B1DE02DB6D2FC001A68FC /* Script.js */; };
		517B1E212DB6D2FD001A68FC /* ViewController.swift in Sources */ = {isa = PBXBuildFile; fileRef = 517B1DE12DB6D2FC001A68FC /* ViewController.swift */; };
		517B1E222DB6D2FD001A68FC /* ViewController.swift in Sources */ = {isa = PBXBuildFile; fileRef = 517B1DE12DB6D2FC001A68FC /* ViewController.swift */; };
		517B1E232DB6D2FD001A68FC /* Assets.xcassets in Resources */ = {isa = PBXBuildFile; fileRef = 517B1DE22DB6D2FD001A68FC /* Assets.xcassets */; };
		517B1E242DB6D2FD001A68FC /* Assets.xcassets in Resources */ = {isa = PBXBuildFile; fileRef = 517B1DE22DB6D2FD001A68FC /* Assets.xcassets */; };
		517B1E252DB6D2FD001A68FC /* SafariWebExtensionHandler.swift in Sources */ = {isa = PBXBuildFile; fileRef = 517B1DE42DB6D2FD001A68FC /* SafariWebExtensionHandler.swift */; };
		517B1E262DB6D2FD001A68FC /* SafariWebExtensionHandler.swift in Sources */ = {isa = PBXBuildFile; fileRef = 517B1DE42DB6D2FD001A68FC /* SafariWebExtensionHandler.swift */; };
		517B1E3D2DB6D2FD001A68FC /* popup.html in Resources */ = {isa = PBXBuildFile; fileRef = 517B1E382DB6D2FD001A68FC /* popup.html */; };
		517B1E3E2DB6D2FD001A68FC /* chunks in Resources */ = {isa = PBXBuildFile; fileRef = 517B1E392DB6D2FD001A68FC /* chunks */; };
		517B1E3F2DB6D2FD001A68FC /* content-scripts in Resources */ = {isa = PBXBuildFile; fileRef = 517B1E3A2DB6D2FD001A68FC /* content-scripts */; };
		517B1E402DB6D2FD001A68FC /* manifest.json in Resources */ = {isa = PBXBuildFile; fileRef = 517B1E3B2DB6D2FD001A68FC /* manifest.json */; };
		517B1E412DB6D2FD001A68FC /* assets in Resources */ = {isa = PBXBuildFile; fileRef = 517B1E3C2DB6D2FD001A68FC /* assets */; };
		517B1E422DB6D2FD001A68FC /* popup.html in Resources */ = {isa = PBXBuildFile; fileRef = 517B1E382DB6D2FD001A68FC /* popup.html */; };
		517B1E432DB6D2FD001A68FC /* chunks in Resources */ = {isa = PBXBuildFile; fileRef = 517B1E392DB6D2FD001A68FC /* chunks */; };
		517B1E442DB6D2FD001A68FC /* content-scripts in Resources */ = {isa = PBXBuildFile; fileRef = 517B1E3A2DB6D2FD001A68FC /* content-scripts */; };
		517B1E452DB6D2FD001A68FC /* manifest.json in Resources */ = {isa = PBXBuildFile; fileRef = 517B1E3B2DB6D2FD001A68FC /* manifest.json */; };
		517B1E462DB6D2FD001A68FC /* assets in Resources */ = {isa = PBXBuildFile; fileRef = 517B1E3C2DB6D2FD001A68FC /* assets */; };
/* End PBXBuildFile section */

/* Begin PBXContainerItemProxy section */
		517B1E0A2DB6D2FD001A68FC /* PBXContainerItemProxy */ = {
			isa = PBXContainerItemProxy;
			containerPortal = 517B1DD62DB6D2FC001A68FC /* Project object */;
			proxyType = 1;
			remoteGlobalIDString = 517B1E072DB6D2FD001A68FC;
			remoteInfo = "AI Translation Tool Extension (iOS)";
		};
		517B1E142DB6D2FD001A68FC /* PBXContainerItemProxy */ = {
			isa = PBXContainerItemProxy;
			containerPortal = 517B1DD62DB6D2FC001A68FC /* Project object */;
			proxyType = 1;
			remoteGlobalIDString = 517B1E112DB6D2FD001A68FC;
			remoteInfo = "AI Translation Tool Extension (macOS)";
		};
/* End PBXContainerItemProxy section */

/* Begin PBXCopyFilesBuildPhase section */
		517B1E2C2DB6D2FD001A68FC /* Embed Foundation Extensions */ = {
			isa = PBXCopyFilesBuildPhase;
			buildActionMask = 2147483647;
			dstPath = "";
			dstSubfolderSpec = 13;
			files = (
				517B1E092DB6D2FD001A68FC /* AI Translation Tool Extension.appex in Embed Foundation Extensions */,
			);
			name = "Embed Foundation Extensions";
			runOnlyForDeploymentPostprocessing = 0;
		};
		517B1E332DB6D2FD001A68FC /* Embed Foundation Extensions */ = {
			isa = PBXCopyFilesBuildPhase;
			buildActionMask = 2147483647;
			dstPath = "";
			dstSubfolderSpec = 13;
			files = (
				517B1E132DB6D2FD001A68FC /* AI Translation Tool Extension.appex in Embed Foundation Extensions */,
			);
			name = "Embed Foundation Extensions";
			runOnlyForDeploymentPostprocessing = 0;
		};
/* End PBXCopyFilesBuildPhase section */

/* Begin PBXFileReference section */
		517B1DDD2DB6D2FC001A68FC /* Base */ = {isa = PBXFileReference; lastKnownFileType = text.html; name = Base; path = Base.lproj/Main.html; sourceTree = "<group>"; };
		517B1DDE2DB6D2FC001A68FC /* Icon.png */ = {isa = PBXFileReference; lastKnownFileType = image.png; path = Icon.png; sourceTree = "<group>"; };
		517B1DDF2DB6D2FC001A68FC /* Style.css */ = {isa = PBXFileReference; lastKnownFileType = text.css; path = Style.css; sourceTree = "<group>"; };
		517B1DE02DB6D2FC001A68FC /* Script.js */ = {isa = PBXFileReference; lastKnownFileType = sourcecode.javascript; path = Script.js; sourceTree = "<group>"; };
		517B1DE12DB6D2FC001A68FC /* ViewController.swift */ = {isa = PBXFileReference; lastKnownFileType = sourcecode.swift; path = ViewController.swift; sourceTree = "<group>"; };
		517B1DE22DB6D2FD001A68FC /* Assets.xcassets */ = {isa = PBXFileReference; lastKnownFileType = folder.assetcatalog; path = Assets.xcassets; sourceTree = "<group>"; };
		517B1DE42DB6D2FD001A68FC /* SafariWebExtensionHandler.swift */ = {isa = PBXFileReference; lastKnownFileType = sourcecode.swift; path = SafariWebExtensionHandler.swift; sourceTree = "<group>"; };
		517B1DE92DB6D2FD001A68FC /* AI Translation Tool.app */ = {isa = PBXFileReference; explicitFileType = wrapper.application; includeInIndex = 0; path = "AI Translation Tool.app"; sourceTree = BUILT_PRODUCTS_DIR; };
		517B1DEC2DB6D2FD001A68FC /* AppDelegate.swift */ = {isa = PBXFileReference; lastKnownFileType = sourcecode.swift; path = AppDelegate.swift; sourceTree = "<group>"; };
		517B1DEE2DB6D2FD001A68FC /* SceneDelegate.swift */ = {isa = PBXFileReference; lastKnownFileType = sourcecode.swift; path = SceneDelegate.swift; sourceTree = "<group>"; };
		517B1DF12DB6D2FD001A68FC /* Base */ = {isa = PBXFileReference; lastKnownFileType = file.storyboard; name = Base; path = Base.lproj/LaunchScreen.storyboard; sourceTree = "<group>"; };
		517B1DF42DB6D2FD001A68FC /* Base */ = {isa = PBXFileReference; lastKnownFileType = file.storyboard; name = Base; path = Base.lproj/Main.storyboard; sourceTree = "<group>"; };
		517B1DF62DB6D2FD001A68FC /* Info.plist */ = {isa = PBXFileReference; lastKnownFileType = text.plist.xml; path = Info.plist; sourceTree = "<group>"; };
		517B1DFB2DB6D2FD001A68FC /* AI Translation Tool.app */ = {isa = PBXFileReference; explicitFileType = wrapper.application; includeInIndex = 0; path = "AI Translation Tool.app"; sourceTree = BUILT_PRODUCTS_DIR; };
		517B1DFD2DB6D2FD001A68FC /* AppDelegate.swift */ = {isa = PBXFileReference; lastKnownFileType = sourcecode.swift; path = AppDelegate.swift; sourceTree = "<group>"; };
		517B1E002DB6D2FD001A68FC /* Base */ = {isa = PBXFileReference; lastKnownFileType = file.storyboard; name = Base; path = Base.lproj/Main.storyboard; sourceTree = "<group>"; };
		517B1E022DB6D2FD001A68FC /* Info.plist */ = {isa = PBXFileReference; lastKnownFileType = text.plist.xml; path = Info.plist; sourceTree = "<group>"; };
		517B1E032DB6D2FD001A68FC /* AI Translation Tool.entitlements */ = {isa = PBXFileReference; lastKnownFileType = text.plist.entitlements; path = "AI Translation Tool.entitlements"; sourceTree = "<group>"; };
		517B1E082DB6D2FD001A68FC /* AI Translation Tool Extension.appex */ = {isa = PBXFileReference; explicitFileType = "wrapper.app-extension"; includeInIndex = 0; path = "AI Translation Tool Extension.appex"; sourceTree = BUILT_PRODUCTS_DIR; };
		517B1E0D2DB6D2FD001A68FC /* Info.plist */ = {isa = PBXFileReference; lastKnownFileType = text.plist.xml; path = Info.plist; sourceTree = "<group>"; };
		517B1E122DB6D2FD001A68FC /* AI Translation Tool Extension.appex */ = {isa = PBXFileReference; explicitFileType = "wrapper.app-extension"; includeInIndex = 0; path = "AI Translation Tool Extension.appex"; sourceTree = BUILT_PRODUCTS_DIR; };
		517B1E172DB6D2FD001A68FC /* Info.plist */ = {isa = PBXFileReference; lastKnownFileType = text.plist.xml; path = Info.plist; sourceTree = "<group>"; };
		517B1E182DB6D2FD001A68FC /* AI Translation Tool.entitlements */ = {isa = PBXFileReference; lastKnownFileType = text.plist.entitlements; path = "AI Translation Tool.entitlements"; sourceTree = "<group>"; };
		517B1E382DB6D2FD001A68FC /* popup.html */ = {isa = PBXFileReference; lastKnownFileType = text.html; name = popup.html; path = "../../.output/safari-mv2/popup.html"; sourceTree = "<group>"; };
		517B1E392DB6D2FD001A68FC /* chunks */ = {isa = PBXFileReference; lastKnownFileType = folder; name = chunks; path = "../../.output/safari-mv2/chunks"; sourceTree = "<group>"; };
		517B1E3A2DB6D2FD001A68FC /* content-scripts */ = {isa = PBXFileReference; lastKnownFileType = folder; name = "content-scripts"; path = "../../.output/safari-mv2/content-scripts"; sourceTree = "<group>"; };
		517B1E3B2DB6D2FD001A68FC /* manifest.json */ = {isa = PBXFileReference; lastKnownFileType = text.json; name = manifest.json; path = "../../.output/safari-mv2/manifest.json"; sourceTree = "<group>"; };
		517B1E3C2DB6D2FD001A68FC /* assets */ = {isa = PBXFileReference; lastKnownFileType = folder; name = assets; path = "../../.output/safari-mv2/assets"; sourceTree = "<group>"; };
/* End PBXFileReference section */

/* Begin PBXFrameworksBuildPhase section */
		517B1DE62DB6D2FD001A68FC /* Frameworks */ = {
			isa = PBXFrameworksBuildPhase;
			buildActionMask = 2147483647;
			files = (
			);
			runOnlyForDeploymentPostprocessing = 0;
		};
		517B1DF82DB6D2FD001A68FC /* Frameworks */ = {
			isa = PBXFrameworksBuildPhase;
			buildActionMask = 2147483647;
			files = (
			);
			runOnlyForDeploymentPostprocessing = 0;
		};
		517B1E052DB6D2FD001A68FC /* Frameworks */ = {
			isa = PBXFrameworksBuildPhase;
			buildActionMask = 2147483647;
			files = (
			);
			runOnlyForDeploymentPostprocessing = 0;
		};
		517B1E0F2DB6D2FD001A68FC /* Frameworks */ = {
			isa = PBXFrameworksBuildPhase;
			buildActionMask = 2147483647;
			files = (
			);
			runOnlyForDeploymentPostprocessing = 0;
		};
/* End PBXFrameworksBuildPhase section */

/* Begin PBXGroup section */
		517B1DD52DB6D2FC001A68FC = {
			isa = PBXGroup;
			children = (
				517B1DDA2DB6D2FC001A68FC /* Shared (App) */,
				517B1DE32DB6D2FD001A68FC /* Shared (Extension) */,
				517B1DEB2DB6D2FD001A68FC /* iOS (App) */,
				517B1DFC2DB6D2FD001A68FC /* macOS (App) */,
				517B1E0C2DB6D2FD001A68FC /* iOS (Extension) */,
				517B1E162DB6D2FD001A68FC /* macOS (Extension) */,
				517B1DEA2DB6D2FD001A68FC /* Products */,
			);
			sourceTree = "<group>";
		};
		517B1DDA2DB6D2FC001A68FC /* Shared (App) */ = {
			isa = PBXGroup;
			children = (
				517B1DE12DB6D2FC001A68FC /* ViewController.swift */,
				517B1DE22DB6D2FD001A68FC /* Assets.xcassets */,
				517B1DDB2DB6D2FC001A68FC /* Resources */,
			);
			path = "Shared (App)";
			sourceTree = "<group>";
		};
		517B1DDB2DB6D2FC001A68FC /* Resources */ = {
			isa = PBXGroup;
			children = (
				517B1DDC2DB6D2FC001A68FC /* Main.html */,
				517B1DDE2DB6D2FC001A68FC /* Icon.png */,
				517B1DDF2DB6D2FC001A68FC /* Style.css */,
				517B1DE02DB6D2FC001A68FC /* Script.js */,
			);
			path = Resources;
			sourceTree = "<group>";
		};
		517B1DE32DB6D2FD001A68FC /* Shared (Extension) */ = {
			isa = PBXGroup;
			children = (
				517B1E372DB6D2FD001A68FC /* Resources */,
				517B1DE42DB6D2FD001A68FC /* SafariWebExtensionHandler.swift */,
			);
			path = "Shared (Extension)";
			sourceTree = "<group>";
		};
		517B1DEA2DB6D2FD001A68FC /* Products */ = {
			isa = PBXGroup;
			children = (
				517B1DE92DB6D2FD001A68FC /* AI Translation Tool.app */,
				517B1DFB2DB6D2FD001A68FC /* AI Translation Tool.app */,
				517B1E082DB6D2FD001A68FC /* AI Translation Tool Extension.appex */,
				517B1E122DB6D2FD001A68FC /* AI Translation Tool Extension.appex */,
			);
			name = Products;
			sourceTree = "<group>";
		};
		517B1DEB2DB6D2FD001A68FC /* iOS (App) */ = {
			isa = PBXGroup;
			children = (
				517B1DEC2DB6D2FD001A68FC /* AppDelegate.swift */,
				517B1DEE2DB6D2FD001A68FC /* SceneDelegate.swift */,
				517B1DF02DB6D2FD001A68FC /* LaunchScreen.storyboard */,
				517B1DF32DB6D2FD001A68FC /* Main.storyboard */,
				517B1DF62DB6D2FD001A68FC /* Info.plist */,
			);
			path = "iOS (App)";
			sourceTree = "<group>";
		};
		517B1DFC2DB6D2FD001A68FC /* macOS (App) */ = {
			isa = PBXGroup;
			children = (
				517B1DFD2DB6D2FD001A68FC /* AppDelegate.swift */,
				517B1DFF2DB6D2FD001A68FC /* Main.storyboard */,
				517B1E022DB6D2FD001A68FC /* Info.plist */,
				517B1E032DB6D2FD001A68FC /* AI Translation Tool.entitlements */,
			);
			path = "macOS (App)";
			sourceTree = "<group>";
		};
		517B1E0C2DB6D2FD001A68FC /* iOS (Extension) */ = {
			isa = PBXGroup;
			children = (
				517B1E0D2DB6D2FD001A68FC /* Info.plist */,
			);
			path = "iOS (Extension)";
			sourceTree = "<group>";
		};
		517B1E162DB6D2FD001A68FC /* macOS (Extension) */ = {
			isa = PBXGroup;
			children = (
				517B1E172DB6D2FD001A68FC /* Info.plist */,
				517B1E182DB6D2FD001A68FC /* AI Translation Tool.entitlements */,
			);
			path = "macOS (Extension)";
			sourceTree = "<group>";
		};
		517B1E372DB6D2FD001A68FC /* Resources */ = {
			isa = PBXGroup;
			children = (
				517B1E382DB6D2FD001A68FC /* popup.html */,
				517B1E392DB6D2FD001A68FC /* chunks */,
				517B1E3A2DB6D2FD001A68FC /* content-scripts */,
				517B1E3B2DB6D2FD001A68FC /* manifest.json */,
				517B1E3C2DB6D2FD001A68FC /* assets */,
			);
			name = Resources;
			path = "Shared (Extension)";
			sourceTree = SOURCE_ROOT;
		};
/* End PBXGroup section */

/* Begin PBXNativeTarget section */
		517B1DE82DB6D2FD001A68FC /* AI Translation Tool (iOS) */ = {
			isa = PBXNativeTarget;
			buildConfigurationList = 517B1E2D2DB6D2FD001A68FC /* Build configuration list for PBXNativeTarget "AI Translation Tool (iOS)" */;
			buildPhases = (
				517B1DE52DB6D2FD001A68FC /* Sources */,
				517B1DE62DB6D2FD001A68FC /* Frameworks */,
				517B1DE72DB6D2FD001A68FC /* Resources */,
				517B1E2C2DB6D2FD001A68FC /* Embed Foundation Extensions */,
			);
			buildRules = (
			);
			dependencies = (
				517B1E0B2DB6D2FD001A68FC /* PBXTargetDependency */,
			);
			name = "AI Translation Tool (iOS)";
			packageProductDependencies = (
			);
			productName = "AI Translation Tool (iOS)";
			productReference = 517B1DE92DB6D2FD001A68FC /* AI Translation Tool.app */;
			productType = "com.apple.product-type.application";
		};
		517B1DFA2DB6D2FD001A68FC /* AI Translation Tool (macOS) */ = {
			isa = PBXNativeTarget;
			buildConfigurationList = 517B1E342DB6D2FD001A68FC /* Build configuration list for PBXNativeTarget "AI Translation Tool (macOS)" */;
			buildPhases = (
				517B1DF72DB6D2FD001A68FC /* Sources */,
				517B1DF82DB6D2FD001A68FC /* Frameworks */,
				517B1DF92DB6D2FD001A68FC /* Resources */,
				517B1E332DB6D2FD001A68FC /* Embed Foundation Extensions */,
			);
			buildRules = (
			);
			dependencies = (
				517B1E152DB6D2FD001A68FC /* PBXTargetDependency */,
			);
			name = "AI Translation Tool (macOS)";
			packageProductDependencies = (
			);
			productName = "AI Translation Tool (macOS)";
			productReference = 517B1DFB2DB6D2FD001A68FC /* AI Translation Tool.app */;
			productType = "com.apple.product-type.application";
		};
		517B1E072DB6D2FD001A68FC /* AI Translation Tool Extension (iOS) */ = {
			isa = PBXNativeTarget;
			buildConfigurationList = 517B1E292DB6D2FD001A68FC /* Build configuration list for PBXNativeTarget "AI Translation Tool Extension (iOS)" */;
			buildPhases = (
				517B1E042DB6D2FD001A68FC /* Sources */,
				517B1E052DB6D2FD001A68FC /* Frameworks */,
				517B1E062DB6D2FD001A68FC /* Resources */,
			);
			buildRules = (
			);
			dependencies = (
			);
			name = "AI Translation Tool Extension (iOS)";
			packageProductDependencies = (
			);
			productName = "AI Translation Tool Extension (iOS)";
			productReference = 517B1E082DB6D2FD001A68FC /* AI Translation Tool Extension.appex */;
			productType = "com.apple.product-type.app-extension";
		};
		517B1E112DB6D2FD001A68FC /* AI Translation Tool Extension (macOS) */ = {
			isa = PBXNativeTarget;
			buildConfigurationList = 517B1E302DB6D2FD001A68FC /* Build configuration list for PBXNativeTarget "AI Translation Tool Extension (macOS)" */;
			buildPhases = (
				517B1E0E2DB6D2FD001A68FC /* Sources */,
				517B1E0F2DB6D2FD001A68FC /* Frameworks */,
				517B1E102DB6D2FD001A68FC /* Resources */,
			);
			buildRules = (
			);
			dependencies = (
			);
			name = "AI Translation Tool Extension (macOS)";
			packageProductDependencies = (
			);
			productName = "AI Translation Tool Extension (macOS)";
			productReference = 517B1E122DB6D2FD001A68FC /* AI Translation Tool Extension.appex */;
			productType = "com.apple.product-type.app-extension";
		};
/* End PBXNativeTarget section */

/* Begin PBXProject section */
		517B1DD62DB6D2FC001A68FC /* Project object */ = {
			isa = PBXProject;
			attributes = {
				BuildIndependentTargetsInParallel = 1;
				LastSwiftUpdateCheck = 1630;
				LastUpgradeCheck = 1630;
				TargetAttributes = {
					517B1DE82DB6D2FD001A68FC = {
						CreatedOnToolsVersion = 16.3;
					};
					517B1DFA2DB6D2FD001A68FC = {
						CreatedOnToolsVersion = 16.3;
					};
					517B1E072DB6D2FD001A68FC = {
						CreatedOnToolsVersion = 16.3;
					};
					517B1E112DB6D2FD001A68FC = {
						CreatedOnToolsVersion = 16.3;
					};
				};
			};
			buildConfigurationList = 517B1DD92DB6D2FC001A68FC /* Build configuration list for PBXProject "AI Translation Tool" */;
			developmentRegion = en;
			hasScannedForEncodings = 0;
			knownRegions = (
				en,
				Base,
			);
			mainGroup = 517B1DD52DB6D2FC001A68FC;
			minimizedProjectReferenceProxies = 1;
			preferredProjectObjectVersion = 77;
			productRefGroup = 517B1DEA2DB6D2FD001A68FC /* Products */;
			projectDirPath = "";
			projectRoot = "";
			targets = (
				517B1DE82DB6D2FD001A68FC /* AI Translation Tool (iOS) */,
				517B1DFA2DB6D2FD001A68FC /* AI Translation Tool (macOS) */,
				517B1E072DB6D2FD001A68FC /* AI Translation Tool Extension (iOS) */,
				517B1E112DB6D2FD001A68FC /* AI Translation Tool Extension (macOS) */,
			);
		};
/* End PBXProject section */

/* Begin PBXResourcesBuildPhase section */
		517B1DE72DB6D2FD001A68FC /* Resources */ = {
			isa = PBXResourcesBuildPhase;
			buildActionMask = 2147483647;
			files = (
				517B1E1B2DB6D2FD001A68FC /* Icon.png in Resources */,
				517B1DF22DB6D2FD001A68FC /* LaunchScreen.storyboard in Resources */,
				517B1E192DB6D2FD001A68FC /* Main.html in Resources */,
				517B1E1F2DB6D2FD001A68FC /* Script.js in Resources */,
				517B1E232DB6D2FD001A68FC /* Assets.xcassets in Resources */,
				517B1DF52DB6D2FD001A68FC /* Main.storyboard in Resources */,
				517B1E1D2DB6D2FD001A68FC /* Style.css in Resources */,
			);
			runOnlyForDeploymentPostprocessing = 0;
		};
		517B1DF92DB6D2FD001A68FC /* Resources */ = {
			isa = PBXResourcesBuildPhase;
			buildActionMask = 2147483647;
			files = (
				517B1E1C2DB6D2FD001A68FC /* Icon.png in Resources */,
				517B1E1E2DB6D2FD001A68FC /* Style.css in Resources */,
				517B1E012DB6D2FD001A68FC /* Main.storyboard in Resources */,
				517B1E202DB6D2FD001A68FC /* Script.js in Resources */,
				517B1E242DB6D2FD001A68FC /* Assets.xcassets in Resources */,
				517B1E1A2DB6D2FD001A68FC /* Main.html in Resources */,
			);
			runOnlyForDeploymentPostprocessing = 0;
		};
		517B1E062DB6D2FD001A68FC /* Resources */ = {
			isa = PBXResourcesBuildPhase;
			buildActionMask = 2147483647;
			files = (
				517B1E462DB6D2FD001A68FC /* assets in Resources */,
				517B1E452DB6D2FD001A68FC /* manifest.json in Resources */,
				517B1E432DB6D2FD001A68FC /* chunks in Resources */,
				517B1E442DB6D2FD001A68FC /* content-scripts in Resources */,
				517B1E422DB6D2FD001A68FC /* popup.html in Resources */,
			);
			runOnlyForDeploymentPostprocessing = 0;
		};
		517B1E102DB6D2FD001A68FC /* Resources */ = {
			isa = PBXResourcesBuildPhase;
			buildActionMask = 2147483647;
			files = (
				517B1E412DB6D2FD001A68FC /* assets in Resources */,
				517B1E402DB6D2FD001A68FC /* manifest.json in Resources */,
				517B1E3E2DB6D2FD001A68FC /* chunks in Resources */,
				517B1E3F2DB6D2FD001A68FC /* content-scripts in Resources */,
				517B1E3D2DB6D2FD001A68FC /* popup.html in Resources */,
			);
			runOnlyForDeploymentPostprocessing = 0;
		};
/* End PBXResourcesBuildPhase section */

/* Begin PBXSourcesBuildPhase section */
		517B1DE52DB6D2FD001A68FC /* Sources */ = {
			isa = PBXSourcesBuildPhase;
			buildActionMask = 2147483647;
			files = (
				517B1E212DB6D2FD001A68FC /* ViewController.swift in Sources */,
				517B1DED2DB6D2FD001A68FC /* AppDelegate.swift in Sources */,
				517B1DEF2DB6D2FD001A68FC /* SceneDelegate.swift in Sources */,
			);
			runOnlyForDeploymentPostprocessing = 0;
		};
		517B1DF72DB6D2FD001A68FC /* Sources */ = {
			isa = PBXSourcesBuildPhase;
			buildActionMask = 2147483647;
			files = (
				517B1E222DB6D2FD001A68FC /* ViewController.swift in Sources */,
				517B1DFE2DB6D2FD001A68FC /* AppDelegate.swift in Sources */,
			);
			runOnlyForDeploymentPostprocessing = 0;
		};
		517B1E042DB6D2FD001A68FC /* Sources */ = {
			isa = PBXSourcesBuildPhase;
			buildActionMask = 2147483647;
			files = (
				517B1E252DB6D2FD001A68FC /* SafariWebExtensionHandler.swift in Sources */,
			);
			runOnlyForDeploymentPostprocessing = 0;
		};
		517B1E0E2DB6D2FD001A68FC /* Sources */ = {
			isa = PBXSourcesBuildPhase;
			buildActionMask = 2147483647;
			files = (
				517B1E262DB6D2FD001A68FC /* SafariWebExtensionHandler.swift in Sources */,
			);
			runOnlyForDeploymentPostprocessing = 0;
		};
/* End PBXSourcesBuildPhase section */

/* Begin PBXTargetDependency section */
		517B1E0B2DB6D2FD001A68FC /* PBXTargetDependency */ = {
			isa = PBXTargetDependency;
			target = 517B1E072DB6D2FD001A68FC /* AI Translation Tool Extension (iOS) */;
			targetProxy = 517B1E0A2DB6D2FD001A68FC /* PBXContainerItemProxy */;
		};
		517B1E152DB6D2FD001A68FC /* PBXTargetDependency */ = {
			isa = PBXTargetDependency;
			target = 517B1E112DB6D2FD001A68FC /* AI Translation Tool Extension (macOS) */;
			targetProxy = 517B1E142DB6D2FD001A68FC /* PBXContainerItemProxy */;
		};
/* End PBXTargetDependency section */

/* Begin PBXVariantGroup section */
		517B1DDC2DB6D2FC001A68FC /* Main.html */ = {
			isa = PBXVariantGroup;
			children = (
				517B1DDD2DB6D2FC001A68FC /* Base */,
			);
			name = Main.html;
			sourceTree = "<group>";
		};
		517B1DF02DB6D2FD001A68FC /* LaunchScreen.storyboard */ = {
			isa = PBXVariantGroup;
			children = (
				517B1DF12DB6D2FD001A68FC /* Base */,
			);
			name = LaunchScreen.storyboard;
			sourceTree = "<group>";
		};
		517B1DF32DB6D2FD001A68FC /* Main.storyboard */ = {
			isa = PBXVariantGroup;
			children = (
				517B1DF42DB6D2FD001A68FC /* Base */,
			);
			name = Main.storyboard;
			sourceTree = "<group>";
		};
		517B1DFF2DB6D2FD001A68FC /* Main.storyboard */ = {
			isa = PBXVariantGroup;
			children = (
				517B1E002DB6D2FD001A68FC /* Base */,
			);
			name = Main.storyboard;
			sourceTree = "<group>";
		};
/* End PBXVariantGroup section */

/* Begin XCBuildConfiguration section */
		517B1E272DB6D2FD001A68FC /* Debug */ = {
			isa = XCBuildConfiguration;
			buildSettings = {
				ALWAYS_SEARCH_USER_PATHS = NO;
				ASSETCATALOG_COMPILER_GENERATE_SWIFT_ASSET_SYMBOL_EXTENSIONS = YES;
				CLANG_ANALYZER_NONNULL = YES;
				CLANG_ANALYZER_NUMBER_OBJECT_CONVERSION = YES_AGGRESSIVE;
				CLANG_CXX_LANGUAGE_STANDARD = "gnu++20";
				CLANG_ENABLE_MODULES = YES;
				CLANG_ENABLE_OBJC_ARC = YES;
				CLANG_ENABLE_OBJC_WEAK = YES;
				CLANG_WARN_BLOCK_CAPTURE_AUTORELEASING = YES;
				CLANG_WARN_BOOL_CONVERSION = YES;
				CLANG_WARN_COMMA = YES;
				CLANG_WARN_CONSTANT_CONVERSION = YES;
				CLANG_WARN_DEPRECATED_OBJC_IMPLEMENTATIONS = YES;
				CLANG_WARN_DIRECT_OBJC_ISA_USAGE = YES_ERROR;
				CLANG_WARN_DOCUMENTATION_COMMENTS = YES;
				CLANG_WARN_EMPTY_BODY = YES;
				CLANG_WARN_ENUM_CONVERSION = YES;
				CLANG_WARN_INFINITE_RECURSION = YES;
				CLANG_WARN_INT_CONVERSION = YES;
				CLANG_WARN_NON_LITERAL_NULL_CONVERSION = YES;
				CLANG_WARN_OBJC_IMPLICIT_RETAIN_SELF = YES;
				CLANG_WARN_OBJC_LITERAL_CONVERSION = YES;
				CLANG_WARN_OBJC_ROOT_CLASS = YES_ERROR;
				CLANG_WARN_QUOTED_INCLUDE_IN_FRAMEWORK_HEADER = YES;
				CLANG_WARN_RANGE_LOOP_ANALYSIS = YES;
				CLANG_WARN_STRICT_PROTOTYPES = YES;
				CLANG_WARN_SUSPICIOUS_MOVE = YES;
				CLANG_WARN_UNGUARDED_AVAILABILITY = YES_AGGRESSIVE;
				CLANG_WARN_UNREACHABLE_CODE = YES;
				CLANG_WARN__DUPLICATE_METHOD_MATCH = YES;
				COPY_PHASE_STRIP = NO;
				DEBUG_INFORMATION_FORMAT = dwarf;
				ENABLE_STRICT_OBJC_MSGSEND = YES;
				ENABLE_TESTABILITY = YES;
				ENABLE_USER_SCRIPT_SANDBOXING = YES;
				GCC_C_LANGUAGE_STANDARD = gnu17;
				GCC_DYNAMIC_NO_PIC = NO;
				GCC_NO_COMMON_BLOCKS = YES;
				GCC_OPTIMIZATION_LEVEL = 0;
				GCC_PREPROCESSOR_DEFINITIONS = (
					"DEBUG=1",
					"$(inherited)",
				);
				GCC_WARN_64_TO_32_BIT_CONVERSION = YES;
				GCC_WARN_ABOUT_RETURN_TYPE = YES_ERROR;
				GCC_WARN_UNDECLARED_SELECTOR = YES;
				GCC_WARN_UNINITIALIZED_AUTOS = YES_AGGRESSIVE;
				GCC_WARN_UNUSED_FUNCTION = YES;
				GCC_WARN_UNUSED_VARIABLE = YES;
				LOCALIZATION_PREFERS_STRING_CATALOGS = YES;
				MTL_ENABLE_DEBUG_INFO = INCLUDE_SOURCE;
				MTL_FAST_MATH = YES;
				ONLY_ACTIVE_ARCH = YES;
				SWIFT_ACTIVE_COMPILATION_CONDITIONS = "DEBUG $(inherited)";
				SWIFT_OPTIMIZATION_LEVEL = "-Onone";
			};
			name = Debug;
		};
		517B1E282DB6D2FD001A68FC /* Release */ = {
			isa = XCBuildConfiguration;
			buildSettings = {
				ALWAYS_SEARCH_USER_PATHS = NO;
				ASSETCATALOG_COMPILER_GENERATE_SWIFT_ASSET_SYMBOL_EXTENSIONS = YES;
				CLANG_ANALYZER_NONNULL = YES;
				CLANG_ANALYZER_NUMBER_OBJECT_CONVERSION = YES_AGGRESSIVE;
				CLANG_CXX_LANGUAGE_STANDARD = "gnu++20";
				CLANG_ENABLE_MODULES = YES;
				CLANG_ENABLE_OBJC_ARC = YES;
				CLANG_ENABLE_OBJC_WEAK = YES;
				CLANG_WARN_BLOCK_CAPTURE_AUTORELEASING = YES;
				CLANG_WARN_BOOL_CONVERSION = YES;
				CLANG_WARN_COMMA = YES;
				CLANG_WARN_CONSTANT_CONVERSION = YES;
				CLANG_WARN_DEPRECATED_OBJC_IMPLEMENTATIONS = YES;
				CLANG_WARN_DIRECT_OBJC_ISA_USAGE = YES_ERROR;
				CLANG_WARN_DOCUMENTATION_COMMENTS = YES;
				CLANG_WARN_EMPTY_BODY = YES;
				CLANG_WARN_ENUM_CONVERSION = YES;
				CLANG_WARN_INFINITE_RECURSION = YES;
				CLANG_WARN_INT_CONVERSION = YES;
				CLANG_WARN_NON_LITERAL_NULL_CONVERSION = YES;
				CLANG_WARN_OBJC_IMPLICIT_RETAIN_SELF = YES;
				CLANG_WARN_OBJC_LITERAL_CONVERSION = YES;
				CLANG_WARN_OBJC_ROOT_CLASS = YES_ERROR;
				CLANG_WARN_QUOTED_INCLUDE_IN_FRAMEWORK_HEADER = YES;
				CLANG_WARN_RANGE_LOOP_ANALYSIS = YES;
				CLANG_WARN_STRICT_PROTOTYPES = YES;
				CLANG_WARN_SUSPICIOUS_MOVE = YES;
				CLANG_WARN_UNGUARDED_AVAILABILITY = YES_AGGRESSIVE;
				CLANG_WARN_UNREACHABLE_CODE = YES;
				CLANG_WARN__DUPLICATE_METHOD_MATCH = YES;
				COPY_PHASE_STRIP = NO;
				DEBUG_INFORMATION_FORMAT = "dwarf-with-dsym";
				ENABLE_NS_ASSERTIONS = NO;
				ENABLE_STRICT_OBJC_MSGSEND = YES;
				ENABLE_USER_SCRIPT_SANDBOXING = YES;
				GCC_C_LANGUAGE_STANDARD = gnu17;
				GCC_NO_COMMON_BLOCKS = YES;
				GCC_WARN_64_TO_32_BIT_CONVERSION = YES;
				GCC_WARN_ABOUT_RETURN_TYPE = YES_ERROR;
				GCC_WARN_UNDECLARED_SELECTOR = YES;
				GCC_WARN_UNINITIALIZED_AUTOS = YES_AGGRESSIVE;
				GCC_WARN_UNUSED_FUNCTION = YES;
				GCC_WARN_UNUSED_VARIABLE = YES;
				LOCALIZATION_PREFERS_STRING_CATALOGS = YES;
				MTL_ENABLE_DEBUG_INFO = NO;
				MTL_FAST_MATH = YES;
				SWIFT_COMPILATION_MODE = wholemodule;
			};
			name = Release;
		};
		517B1E2A2DB6D2FD001A68FC /* Debug */ = {
			isa = XCBuildConfiguration;
			buildSettings = {
				CODE_SIGN_STYLE = Automatic;
				CURRENT_PROJECT_VERSION = 1;
				DEVELOPMENT_TEAM = Y7859GAXS2;
				GENERATE_INFOPLIST_FILE = YES;
				INFOPLIST_FILE = "iOS (Extension)/Info.plist";
				INFOPLIST_KEY_CFBundleDisplayName = "AI Translation Tool Extension";
				INFOPLIST_KEY_NSHumanReadableCopyright = "";
				IPHONEOS_DEPLOYMENT_TARGET = 15.0;
				LD_RUNPATH_SEARCH_PATHS = (
					"$(inherited)",
					"@executable_path/Frameworks",
					"@executable_path/../../Frameworks",
				);
				MARKETING_VERSION = 1.0;
				OTHER_LDFLAGS = (
					"-framework",
					SafariServices,
				);
				PRODUCT_BUNDLE_IDENTIFIER = "com.yourCompany.AI-Translation-Tool.Extension";
				PRODUCT_NAME = "AI Translation Tool Extension";
				SDKROOT = iphoneos;
				SKIP_INSTALL = YES;
				SWIFT_EMIT_LOC_STRINGS = YES;
				SWIFT_VERSION = 5.0;
				TARGETED_DEVICE_FAMILY = "1,2";
			};
			name = Debug;
		};
		517B1E2B2DB6D2FD001A68FC /* Release */ = {
			isa = XCBuildConfiguration;
			buildSettings = {
				CODE_SIGN_STYLE = Automatic;
				CURRENT_PROJECT_VERSION = 1;
				DEVELOPMENT_TEAM = Y7859GAXS2;
				GENERATE_INFOPLIST_FILE = YES;
				INFOPLIST_FILE = "iOS (Extension)/Info.plist";
				INFOPLIST_KEY_CFBundleDisplayName = "AI Translation Tool Extension";
				INFOPLIST_KEY_NSHumanReadableCopyright = "";
				IPHONEOS_DEPLOYMENT_TARGET = 15.0;
				LD_RUNPATH_SEARCH_PATHS = (
					"$(inherited)",
					"@executable_path/Frameworks",
					"@executable_path/../../Frameworks",
				);
				MARKETING_VERSION = 1.0;
				OTHER_LDFLAGS = (
					"-framework",
					SafariServices,
				);
				PRODUCT_BUNDLE_IDENTIFIER = "com.yourCompany.AI-Translation-Tool.Extension";
				PRODUCT_NAME = "AI Translation Tool Extension";
				SDKROOT = iphoneos;
				SKIP_INSTALL = YES;
				SWIFT_EMIT_LOC_STRINGS = YES;
				SWIFT_VERSION = 5.0;
				TARGETED_DEVICE_FAMILY = "1,2";
				VALIDATE_PRODUCT = YES;
			};
			name = Release;
		};
		517B1E2E2DB6D2FD001A68FC /* Debug */ = {
			isa = XCBuildConfiguration;
			buildSettings = {
				ASSETCATALOG_COMPILER_APPICON_NAME = AppIcon;
				ASSETCATALOG_COMPILER_GLOBAL_ACCENT_COLOR_NAME = AccentColor;
				CODE_SIGN_STYLE = Automatic;
				CURRENT_PROJECT_VERSION = 1;
				DEVELOPMENT_TEAM = Y7859GAXS2;
				GENERATE_INFOPLIST_FILE = YES;
				INFOPLIST_FILE = "iOS (App)/Info.plist";
				INFOPLIST_KEY_CFBundleDisplayName = "AI Translation Tool";
				INFOPLIST_KEY_UIApplicationSupportsIndirectInputEvents = YES;
				INFOPLIST_KEY_UILaunchStoryboardName = LaunchScreen;
				INFOPLIST_KEY_UIMainStoryboardFile = Main;
				INFOPLIST_KEY_UISupportedInterfaceOrientations = "UIInterfaceOrientationPortrait UIInterfaceOrientationLandscapeLeft UIInterfaceOrientationLandscapeRight";
				INFOPLIST_KEY_UISupportedInterfaceOrientations_iPad = "UIInterfaceOrientationPortrait UIInterfaceOrientationPortraitUpsideDown UIInterfaceOrientationLandscapeLeft UIInterfaceOrientationLandscapeRight";
				IPHONEOS_DEPLOYMENT_TARGET = 15.0;
				LD_RUNPATH_SEARCH_PATHS = (
					"$(inherited)",
					"@executable_path/Frameworks",
				);
				MARKETING_VERSION = 1.0;
				OTHER_LDFLAGS = (
					"-framework",
					SafariServices,
					"-framework",
					WebKit,
				);
				PRODUCT_BUNDLE_IDENTIFIER = "com.yourCompany.AI-Translation-Tool";
				PRODUCT_NAME = "AI Translation Tool";
				SDKROOT = iphoneos;
				SWIFT_EMIT_LOC_STRINGS = YES;
				SWIFT_VERSION = 5.0;
				TARGETED_DEVICE_FAMILY = "1,2";
			};
			name = Debug;
		};
		517B1E2F2DB6D2FD001A68FC /* Release */ = {
			isa = XCBuildConfiguration;
			buildSettings = {
				ASSETCATALOG_COMPILER_APPICON_NAME = AppIcon;
				ASSETCATALOG_COMPILER_GLOBAL_ACCENT_COLOR_NAME = AccentColor;
				CODE_SIGN_STYLE = Automatic;
				CURRENT_PROJECT_VERSION = 1;
				DEVELOPMENT_TEAM = Y7859GAXS2;
				GENERATE_INFOPLIST_FILE = YES;
				INFOPLIST_FILE = "iOS (App)/Info.plist";
				INFOPLIST_KEY_CFBundleDisplayName = "AI Translation Tool";
				INFOPLIST_KEY_UIApplicationSupportsIndirectInputEvents = YES;
				INFOPLIST_KEY_UILaunchStoryboardName = LaunchScreen;
				INFOPLIST_KEY_UIMainStoryboardFile = Main;
				INFOPLIST_KEY_UISupportedInterfaceOrientations = "UIInterfaceOrientationPortrait UIInterfaceOrientationLandscapeLeft UIInterfaceOrientationLandscapeRight";
				INFOPLIST_KEY_UISupportedInterfaceOrientations_iPad = "UIInterfaceOrientationPortrait UIInterfaceOrientationPortraitUpsideDown UIInterfaceOrientationLandscapeLeft UIInterfaceOrientationLandscapeRight";
				IPHONEOS_DEPLOYMENT_TARGET = 15.0;
				LD_RUNPATH_SEARCH_PATHS = (
					"$(inherited)",
					"@executable_path/Frameworks",
				);
				MARKETING_VERSION = 1.0;
				OTHER_LDFLAGS = (
					"-framework",
					SafariServices,
					"-framework",
					WebKit,
				);
				PRODUCT_BUNDLE_IDENTIFIER = "com.yourCompany.AI-Translation-Tool";
				PRODUCT_NAME = "AI Translation Tool";
				SDKROOT = iphoneos;
				SWIFT_EMIT_LOC_STRINGS = YES;
				SWIFT_VERSION = 5.0;
				TARGETED_DEVICE_FAMILY = "1,2";
				VALIDATE_PRODUCT = YES;
			};
			name = Release;
		};
		517B1E312DB6D2FD001A68FC /* Debug */ = {
			isa = XCBuildConfiguration;
			buildSettings = {
				CODE_SIGN_ENTITLEMENTS = "macOS (Extension)/AI Translation Tool.entitlements";
				CODE_SIGN_STYLE = Automatic;
				CURRENT_PROJECT_VERSION = 1;
				ENABLE_HARDENED_RUNTIME = YES;
				GENERATE_INFOPLIST_FILE = YES;
				INFOPLIST_FILE = "macOS (Extension)/Info.plist";
				INFOPLIST_KEY_CFBundleDisplayName = "AI Translation Tool Extension";
				INFOPLIST_KEY_NSHumanReadableCopyright = "";
				LD_RUNPATH_SEARCH_PATHS = (
					"$(inherited)",
					"@executable_path/../Frameworks",
					"@executable_path/../../../../Frameworks",
				);
				MACOSX_DEPLOYMENT_TARGET = 10.14;
				MARKETING_VERSION = 1.0;
				OTHER_LDFLAGS = (
					"-framework",
					SafariServices,
				);
				PRODUCT_BUNDLE_IDENTIFIER = "com.yourCompany.AI-Translation-Tool.Extension";
				PRODUCT_NAME = "AI Translation Tool Extension";
				SDKROOT = macosx;
				SKIP_INSTALL = YES;
				SWIFT_EMIT_LOC_STRINGS = YES;
				SWIFT_VERSION = 5.0;
			};
			name = Debug;
		};
		517B1E322DB6D2FD001A68FC /* Release */ = {
			isa = XCBuildConfiguration;
			buildSettings = {
				CODE_SIGN_ENTITLEMENTS = "macOS (Extension)/AI Translation Tool.entitlements";
				CODE_SIGN_STYLE = Automatic;
				CURRENT_PROJECT_VERSION = 1;
				ENABLE_HARDENED_RUNTIME = YES;
				GENERATE_INFOPLIST_FILE = YES;
				INFOPLIST_FILE = "macOS (Extension)/Info.plist";
				INFOPLIST_KEY_CFBundleDisplayName = "AI Translation Tool Extension";
				INFOPLIST_KEY_NSHumanReadableCopyright = "";
				LD_RUNPATH_SEARCH_PATHS = (
					"$(inherited)",
					"@executable_path/../Frameworks",
					"@executable_path/../../../../Frameworks",
				);
				MACOSX_DEPLOYMENT_TARGET = 10.14;
				MARKETING_VERSION = 1.0;
				OTHER_LDFLAGS = (
					"-framework",
					SafariServices,
				);
				PRODUCT_BUNDLE_IDENTIFIER = "com.yourCompany.AI-Translation-Tool.Extension";
				PRODUCT_NAME = "AI Translation Tool Extension";
				SDKROOT = macosx;
				SKIP_INSTALL = YES;
				SWIFT_EMIT_LOC_STRINGS = YES;
				SWIFT_VERSION = 5.0;
			};
			name = Release;
		};
		517B1E352DB6D2FD001A68FC /* Debug */ = {
			isa = XCBuildConfiguration;
			buildSettings = {
				ASSETCATALOG_COMPILER_APPICON_NAME = AppIcon;
				ASSETCATALOG_COMPILER_GLOBAL_ACCENT_COLOR_NAME = AccentColor;
				CODE_SIGN_ENTITLEMENTS = "macOS (App)/AI Translation Tool.entitlements";
				CODE_SIGN_STYLE = Automatic;
				CURRENT_PROJECT_VERSION = 1;
				ENABLE_HARDENED_RUNTIME = YES;
				GENERATE_INFOPLIST_FILE = YES;
				INFOPLIST_FILE = "macOS (App)/Info.plist";
				INFOPLIST_KEY_CFBundleDisplayName = "AI Translation Tool";
				INFOPLIST_KEY_NSMainStoryboardFile = Main;
				INFOPLIST_KEY_NSPrincipalClass = NSApplication;
				LD_RUNPATH_SEARCH_PATHS = (
					"$(inherited)",
					"@executable_path/../Frameworks",
				);
				MACOSX_DEPLOYMENT_TARGET = 10.14;
				MARKETING_VERSION = 1.0;
				OTHER_LDFLAGS = (
					"-framework",
					SafariServices,
					"-framework",
					WebKit,
				);
				PRODUCT_BUNDLE_IDENTIFIER = "com.yourCompany.AI-Translation-Tool";
				PRODUCT_NAME = "AI Translation Tool";
				REGISTER_APP_GROUPS = YES;
				SDKROOT = macosx;
				SWIFT_EMIT_LOC_STRINGS = YES;
				SWIFT_VERSION = 5.0;
			};
			name = Debug;
		};
		517B1E362DB6D2FD001A68FC /* Release */ = {
			isa = XCBuildConfiguration;
			buildSettings = {
				ASSETCATALOG_COMPILER_APPICON_NAME = AppIcon;
				ASSETCATALOG_COMPILER_GLOBAL_ACCENT_COLOR_NAME = AccentColor;
				CODE_SIGN_ENTITLEMENTS = "macOS (App)/AI Translation Tool.entitlements";
				CODE_SIGN_STYLE = Automatic;
				CURRENT_PROJECT_VERSION = 1;
				ENABLE_HARDENED_RUNTIME = YES;
				GENERATE_INFOPLIST_FILE = YES;
				INFOPLIST_FILE = "macOS (App)/Info.plist";
				INFOPLIST_KEY_CFBundleDisplayName = "AI Translation Tool";
				INFOPLIST_KEY_NSMainStoryboardFile = Main;
				INFOPLIST_KEY_NSPrincipalClass = NSApplication;
				LD_RUNPATH_SEARCH_PATHS = (
					"$(inherited)",
					"@executable_path/../Frameworks",
				);
				MACOSX_DEPLOYMENT_TARGET = 10.14;
				MARKETING_VERSION = 1.0;
				OTHER_LDFLAGS = (
					"-framework",
					SafariServices,
					"-framework",
					WebKit,
				);
				PRODUCT_BUNDLE_IDENTIFIER = "com.yourCompany.AI-Translation-Tool";
				PRODUCT_NAME = "AI Translation Tool";
				REGISTER_APP_GROUPS = YES;
				SDKROOT = macosx;
				SWIFT_EMIT_LOC_STRINGS = YES;
				SWIFT_VERSION = 5.0;
			};
			name = Release;
		};
/* End XCBuildConfiguration section */

/* Begin XCConfigurationList section */
		517B1DD92DB6D2FC001A68FC /* Build configuration list for PBXProject "AI Translation Tool" */ = {
			isa = XCConfigurationList;
			buildConfigurations = (
				517B1E272DB6D2FD001A68FC /* Debug */,
				517B1E282DB6D2FD001A68FC /* Release */,
			);
			defaultConfigurationIsVisible = 0;
			defaultConfigurationName = Release;
		};
		517B1E292DB6D2FD001A68FC /* Build configuration list for PBXNativeTarget "AI Translation Tool Extension (iOS)" */ = {
			isa = XCConfigurationList;
			buildConfigurations = (
				517B1E2A2DB6D2FD001A68FC /* Debug */,
				517B1E2B2DB6D2FD001A68FC /* Release */,
			);
			defaultConfigurationIsVisible = 0;
			defaultConfigurationName = Release;
		};
		517B1E2D2DB6D2FD001A68FC /* Build configuration list for PBXNativeTarget "AI Translation Tool (iOS)" */ = {
			isa = XCConfigurationList;
			buildConfigurations = (
				517B1E2E2DB6D2FD001A68FC /* Debug */,
				517B1E2F2DB6D2FD001A68FC /* Release */,
			);
			defaultConfigurationIsVisible = 0;
			defaultConfigurationName = Release;
		};
		517B1E302DB6D2FD001A68FC /* Build configuration list for PBXNativeTarget "AI Translation Tool Extension (macOS)" */ = {
			isa = XCConfigurationList;
			buildConfigurations = (
				517B1E312DB6D2FD001A68FC /* Debug */,
				517B1E322DB6D2FD001A68FC /* Release */,
			);
			defaultConfigurationIsVisible = 0;
			defaultConfigurationName = Release;
		};
		517B1E342DB6D2FD001A68FC /* Build configuration list for PBXNativeTarget "AI Translation Tool (macOS)" */ = {
			isa = XCConfigurationList;
			buildConfigurations = (
				517B1E352DB6D2FD001A68FC /* Debug */,
				517B1E362DB6D2FD001A68FC /* Release */,
			);
			defaultConfigurationIsVisible = 0;
			defaultConfigurationName = Release;
		};
/* End XCConfigurationList section */
	};
	rootObject = 517B1DD62DB6D2FC001A68FC /* Project object */;
}
